
Microsoft Visual Studio Solution File, Format Version 12.00
# Visual Studio Version 16
VisualStudioVersion = 16.0.30406.217
MinimumVisualStudioVersion = 10.0.40219.1
Project("{FAE04EC0-301F-11D3-BF4B-00C04F79EFBC}") = "ProchaskaHouseClient2", "ProchaskaHouseClient2\ProchaskaHouseClient2.csproj", "{C9AE4E2E-8E05-4333-8D7A-8700F52F325F}"
EndProject
Global
	GlobalSection(SolutionConfigurationPlatforms) = preSolution
		Debug|Any CPU = Debug|Any CPU
		Release|Any CPU = Release|Any CPU
	EndGlobalSection
	GlobalSection(ProjectConfigurationPlatforms) = postSolution
		{C9AE4E2E-8E05-4333-8D7A-8700F52F325F}.Debug|Any CPU.ActiveCfg = Debug|Any CPU
		{C9AE4E2E-8E05-4333-8D7A-8700F52F325F}.Debug|Any CPU.Build.0 = Debug|Any CPU
		{C9AE4E2E-8E05-4333-8D7A-8700F52F325F}.Debug|Any CPU.Deploy.0 = Debug|Any CPU
		{C9AE4E2E-8E05-4333-8D7A-8700F52F325F}.Release|Any CPU.ActiveCfg = Release|Any CPU
		{C9AE4E2E-8E05-4333-8D7A-8700F52F325F}.Release|Any CPU.Build.0 = Release|Any CPU
		{C9AE4E2E-8E05-4333-8D7A-8700F52F325F}.Release|Any CPU.Deploy.0 = Release|Any CPU
	EndGlobalSection
	GlobalSection(SolutionProperties) = preSolution
		HideSolutionNode = FALSE
	EndGlobalSection
	GlobalSection(ExtensibilityGlobals) = postSolution
		SolutionGuid = {E00A970B-8596-40F0-A827-82E0FED0D335}
	EndGlobalSection
EndGlobal
